
Microsoft Visual Studio Solution File, Format Version 12.00
# Visual Studio Version 16
VisualStudioVersion = 16.0.30225.117
MinimumVisualStudioVersion = 10.0.40219.1
Project("{FAE04EC0-301F-11D3-BF4B-00C04F79EFBC}") = "MakaleAnalizWebApp", "MakaleAnalizWebApp\MakaleAnalizWebApp.csproj", "{78115E79-5FE9-41BC-AA61-AF5BB244A637}"
EndProject
Global
	GlobalSection(SolutionConfigurationPlatforms) = preSolution
		Debug|Any CPU = Debug|Any CPU
		Release|Any CPU = Release|Any CPU
	EndGlobalSection
	GlobalSection(ProjectConfigurationPlatforms) = postSolution
		{78115E79-5FE9-41BC-AA61-AF5BB244A637}.Debug|Any CPU.ActiveCfg = Debug|Any CPU
		{78115E79-5FE9-41BC-AA61-AF5BB244A637}.Debug|Any CPU.Build.0 = Debug|Any CPU
		{78115E79-5FE9-41BC-AA61-AF5BB244A637}.Release|Any CPU.ActiveCfg = Release|Any CPU
		{78115E79-5FE9-41BC-AA61-AF5BB244A637}.Release|Any CPU.Build.0 = Release|Any CPU
	EndGlobalSection
	GlobalSection(SolutionProperties) = preSolution
		HideSolutionNode = FALSE
	EndGlobalSection
	GlobalSection(ExtensibilityGlobals) = postSolution
		SolutionGuid = {660C097B-4826-451B-8750-8ED3C7FDC013}
	EndGlobalSection
EndGlobal
